
Microsoft Visual Studio Solution File, Format Version 12.00
# Visual Studio Version 17
VisualStudioVersion = 17.13.35913.81 d17.13
MinimumVisualStudioVersion = 10.0.40219.1
Project("{FAE04EC0-301F-11D3-BF4B-00C04F79EFBC}") = "Throw ex", "Throw ex.csproj", "{4299687B-05C0-4D5F-9B30-900D7E8E4208}"
EndProject
Global
	GlobalSection(SolutionConfigurationPlatforms) = preSolution
		Debug|Any CPU = Debug|Any CPU
		Release|Any CPU = Release|Any CPU
	EndGlobalSection
	GlobalSection(ProjectConfigurationPlatforms) = postSolution
		{4299687B-05C0-4D5F-9B30-900D7E8E4208}.Debug|Any CPU.ActiveCfg = Debug|Any CPU
		{4299687B-05C0-4D5F-9B30-900D7E8E4208}.Debug|Any CPU.Build.0 = Debug|Any CPU
		{4299687B-05C0-4D5F-9B30-900D7E8E4208}.Release|Any CPU.ActiveCfg = Release|Any CPU
		{4299687B-05C0-4D5F-9B30-900D7E8E4208}.Release|Any CPU.Build.0 = Release|Any CPU
	EndGlobalSection
	GlobalSection(SolutionProperties) = preSolution
		HideSolutionNode = FALSE
	EndGlobalSection
	GlobalSection(ExtensibilityGlobals) = postSolution
		SolutionGuid = {38031DD4-7227-4D7B-A6DB-C4CAF2CF2FB1}
	EndGlobalSection
EndGlobal
