
Microsoft Visual Studio Solution File, Format Version 12.00
# Visual Studio Version 17
VisualStudioVersion = 17.13.35913.81 d17.13
MinimumVisualStudioVersion = 10.0.40219.1
Project("{FAE04EC0-301F-11D3-BF4B-00C04F79EFBC}") = "GlobalExceptionHandler", "GlobalExceptionHandler.csproj", "{EE489AC0-2A99-45BD-A964-D82BFBF14BB6}"
EndProject
Global
	GlobalSection(SolutionConfigurationPlatforms) = preSolution
		Debug|Any CPU = Debug|Any CPU
		Release|Any CPU = Release|Any CPU
	EndGlobalSection
	GlobalSection(ProjectConfigurationPlatforms) = postSolution
		{EE489AC0-2A99-45BD-A964-D82BFBF14BB6}.Debug|Any CPU.ActiveCfg = Debug|Any CPU
		{EE489AC0-2A99-45BD-A964-D82BFBF14BB6}.Debug|Any CPU.Build.0 = Debug|Any CPU
		{EE489AC0-2A99-45BD-A964-D82BFBF14BB6}.Release|Any CPU.ActiveCfg = Release|Any CPU
		{EE489AC0-2A99-45BD-A964-D82BFBF14BB6}.Release|Any CPU.Build.0 = Release|Any CPU
	EndGlobalSection
	GlobalSection(SolutionProperties) = preSolution
		HideSolutionNode = FALSE
	EndGlobalSection
	GlobalSection(ExtensibilityGlobals) = postSolution
		SolutionGuid = {F6BD70A7-754A-48D0-9348-F31903736309}
	EndGlobalSection
EndGlobal
