
Microsoft Visual Studio Solution File, Format Version 12.00
# Visual Studio Version 17
VisualStudioVersion = 17.13.35913.81 d17.13
MinimumVisualStudioVersion = 10.0.40219.1
Project("{FAE04EC0-301F-11D3-BF4B-00C04F79EFBC}") = "LambdaExpressions", "LambdaExpressions.csproj", "{4A4F2759-D8E7-4ECE-A265-0581F2F44FA9}"
EndProject
Global
	GlobalSection(SolutionConfigurationPlatforms) = preSolution
		Debug|Any CPU = Debug|Any CPU
		Release|Any CPU = Release|Any CPU
	EndGlobalSection
	GlobalSection(ProjectConfigurationPlatforms) = postSolution
		{4A4F2759-D8E7-4ECE-A265-0581F2F44FA9}.Debug|Any CPU.ActiveCfg = Debug|Any CPU
		{4A4F2759-D8E7-4ECE-A265-0581F2F44FA9}.Debug|Any CPU.Build.0 = Debug|Any CPU
		{4A4F2759-D8E7-4ECE-A265-0581F2F44FA9}.Release|Any CPU.ActiveCfg = Release|Any CPU
		{4A4F2759-D8E7-4ECE-A265-0581F2F44FA9}.Release|Any CPU.Build.0 = Release|Any CPU
	EndGlobalSection
	GlobalSection(SolutionProperties) = preSolution
		HideSolutionNode = FALSE
	EndGlobalSection
	GlobalSection(ExtensibilityGlobals) = postSolution
		SolutionGuid = {95F47B0A-FD77-460D-AEE1-816B66DF90A8}
	EndGlobalSection
EndGlobal
