
Microsoft Visual Studio Solution File, Format Version 12.00
# Visual Studio Version 17
VisualStudioVersion = 17.13.35913.81 d17.13
MinimumVisualStudioVersion = 10.0.40219.1
Project("{FAE04EC0-301F-11D3-BF4B-00C04F79EFBC}") = "MultipleInheritance using interfaces", "MultipleInheritance using interfaces.csproj", "{52AFFB9F-00AA-4EA3-B778-1274FCB8BF6C}"
EndProject
Global
	GlobalSection(SolutionConfigurationPlatforms) = preSolution
		Debug|Any CPU = Debug|Any CPU
		Release|Any CPU = Release|Any CPU
	EndGlobalSection
	GlobalSection(ProjectConfigurationPlatforms) = postSolution
		{52AFFB9F-00AA-4EA3-B778-1274FCB8BF6C}.Debug|Any CPU.ActiveCfg = Debug|Any CPU
		{52AFFB9F-00AA-4EA3-B778-1274FCB8BF6C}.Debug|Any CPU.Build.0 = Debug|Any CPU
		{52AFFB9F-00AA-4EA3-B778-1274FCB8BF6C}.Release|Any CPU.ActiveCfg = Release|Any CPU
		{52AFFB9F-00AA-4EA3-B778-1274FCB8BF6C}.Release|Any CPU.Build.0 = Release|Any CPU
	EndGlobalSection
	GlobalSection(SolutionProperties) = preSolution
		HideSolutionNode = FALSE
	EndGlobalSection
	GlobalSection(ExtensibilityGlobals) = postSolution
		SolutionGuid = {D275FAB6-8668-4D62-8E87-FB96FCF65377}
	EndGlobalSection
EndGlobal
