
Microsoft Visual Studio Solution File, Format Version 12.00
# Visual Studio Version 17
VisualStudioVersion = 17.13.35913.81 d17.13
MinimumVisualStudioVersion = 10.0.40219.1
Project("{FAE04EC0-301F-11D3-BF4B-00C04F79EFBC}") = "OOP_basics", "OOP_basics.csproj", "{CA69BA24-57F7-41C3-AB7C-A25EF0155F89}"
EndProject
Global
	GlobalSection(SolutionConfigurationPlatforms) = preSolution
		Debug|Any CPU = Debug|Any CPU
		Release|Any CPU = Release|Any CPU
	EndGlobalSection
	GlobalSection(ProjectConfigurationPlatforms) = postSolution
		{CA69BA24-57F7-41C3-AB7C-A25EF0155F89}.Debug|Any CPU.ActiveCfg = Debug|Any CPU
		{CA69BA24-57F7-41C3-AB7C-A25EF0155F89}.Debug|Any CPU.Build.0 = Debug|Any CPU
		{CA69BA24-57F7-41C3-AB7C-A25EF0155F89}.Release|Any CPU.ActiveCfg = Release|Any CPU
		{CA69BA24-57F7-41C3-AB7C-A25EF0155F89}.Release|Any CPU.Build.0 = Release|Any CPU
	EndGlobalSection
	GlobalSection(SolutionProperties) = preSolution
		HideSolutionNode = FALSE
	EndGlobalSection
	GlobalSection(ExtensibilityGlobals) = postSolution
		SolutionGuid = {7067F766-8850-4937-8D06-D6126F33980C}
	EndGlobalSection
EndGlobal
